
Microsoft Visual Studio Solution File, Format Version 12.00
# Visual Studio 15
VisualStudioVersion = 15.0.27703.2026
MinimumVisualStudioVersion = 10.0.40219.1
Project("{FAE04EC0-301F-11D3-BF4B-00C04F79EFBC}") = "iFolder", "iFolder.csproj", "{17A592C1-C592-43A2-9CED-2CC5AE8B0B29}"
EndProject
Project("{54435603-DBB4-11D2-8724-00A0C9A8B90C}") = "iFolderList.Setup", "iFolderList.Setup\iFolderList.Setup.vdproj", "{539CCE84-D510-42FE-90DB-2BFCC4200E2A}"
EndProject
Global
	GlobalSection(SolutionConfigurationPlatforms) = preSolution
		Debug|Any CPU = Debug|Any CPU
		Release|Any CPU = Release|Any CPU
	EndGlobalSection
	GlobalSection(ProjectConfigurationPlatforms) = postSolution
		{17A592C1-C592-43A2-9CED-2CC5AE8B0B29}.Debug|Any CPU.ActiveCfg = Debug|Any CPU
		{17A592C1-C592-43A2-9CED-2CC5AE8B0B29}.Debug|Any CPU.Build.0 = Debug|Any CPU
		{17A592C1-C592-43A2-9CED-2CC5AE8B0B29}.Release|Any CPU.ActiveCfg = Release|Any CPU
		{17A592C1-C592-43A2-9CED-2CC5AE8B0B29}.Release|Any CPU.Build.0 = Release|Any CPU
		{539CCE84-D510-42FE-90DB-2BFCC4200E2A}.Debug|Any CPU.ActiveCfg = Debug
		{539CCE84-D510-42FE-90DB-2BFCC4200E2A}.Release|Any CPU.ActiveCfg = Release
	EndGlobalSection
	GlobalSection(SolutionProperties) = preSolution
		HideSolutionNode = FALSE
	EndGlobalSection
	GlobalSection(ExtensibilityGlobals) = postSolution
		SolutionGuid = {68811577-6248-4D32-AAF8-B29EF45441BC}
	EndGlobalSection
EndGlobal
